// !$*UTF8*$!
{
	archiveVersion = 1;
	classes = {
	};
	objectVersion = 46;
	objects = {

/* Begin PBXBuildFile section */
		01DA10071B562A4C000A695F /* main.m in Sources */ = {isa = PBXBuildFile; fileRef = 01DA10061B562A4C000A695F /* main.m */; };
		01DA100A1B562A4C000A695F /* AppDelegate.m in Sources */ = {isa = PBXBuildFile; fileRef = 01DA10091B562A4C000A695F /* AppDelegate.m */; };
		01DA100D1B562A4C000A695F /* OverviewViewController.m in Sources */ = {isa = PBXBuildFile; fileRef = 01DA100C1B562A4C000A695F /* OverviewViewController.m */; };
		01DA10101B562A4C000A695F /* Main.storyboard in Resources */ = {isa = PBXBuildFile; fileRef = 01DA100E1B562A4C000A695F /* Main.storyboard */; };
		01DA10121B562A4C000A695F /* Images.xcassets in Resources */ = {isa = PBXBuildFile; fileRef = 01DA10111B562A4C000A695F /* Images.xcassets */; };
		01DA10151B562A4C000A695F /* LaunchScreen.xib in Resources */ = {isa = PBXBuildFile; fileRef = 01DA10131B562A4C000A695F /* LaunchScreen.xib */; };
		01DA10211B562A4C000A695F /* Kfz_KennzeichenTests.m in Sources */ = {isa = PBXBuildFile; fileRef = 01DA10201B562A4C000A695F /* Kfz_KennzeichenTests.m */; };
		01DA102C1B564F8D000A695F /* DetailViewController.m in Sources */ = {isa = PBXBuildFile; fileRef = 01DA102B1B564F8D000A695F /* DetailViewController.m */; };
/* End PBXBuildFile section */

/* Begin PBXContainerItemProxy section */
		01DA101B1B562A4C000A695F /* PBXContainerItemProxy */ = {
			isa = PBXContainerItemProxy;
			containerPortal = 01DA0FF91B562A4C000A695F /* Project object */;
			proxyType = 1;
			remoteGlobalIDString = 01DA10001B562A4C000A695F;
			remoteInfo = "Kfz-Kennzeichen";
		};
/* End PBXContainerItemProxy section */

/* Begin PBXFileReference section */
		01DA10011B562A4C000A695F /* Kfz-Kennzeichen.app */ = {isa = PBXFileReference; explicitFileType = wrapper.application; includeInIndex = 0; path = "Kfz-Kennzeichen.app"; sourceTree = BUILT_PRODUCTS_DIR; };
		01DA10051B562A4C000A695F /* Info.plist */ = {isa = PBXFileReference; lastKnownFileType = text.plist.xml; path = Info.plist; sourceTree = "<group>"; };
		01DA10061B562A4C000A695F /* main.m */ = {isa = PBXFileReference; lastKnownFileType = sourcecode.c.objc; path = main.m; sourceTree = "<group>"; };
		01DA10081B562A4C000A695F /* AppDelegate.h */ = {isa = PBXFileReference; lastKnownFileType = sourcecode.c.h; path = AppDelegate.h; sourceTree = "<group>"; };
		01DA10091B562A4C000A695F /* AppDelegate.m */ = {isa = PBXFileReference; lastKnownFileType = sourcecode.c.objc; path = AppDelegate.m; sourceTree = "<group>"; };
		01DA100B1B562A4C000A695F /* OverviewViewController.h */ = {isa = PBXFileReference; lastKnownFileType = sourcecode.c.h; path = OverviewViewController.h; sourceTree = "<group>"; };
		01DA100C1B562A4C000A695F /* OverviewViewController.m */ = {isa = PBXFileReference; lastKnownFileType = sourcecode.c.objc; path = OverviewViewController.m; sourceTree = "<group>"; };
		01DA100F1B562A4C000A695F /* Base */ = {isa = PBXFileReference; lastKnownFileType = file.storyboard; name = Base; path = Base.lproj/Main.storyboard; sourceTree = "<group>"; };
		01DA10111B562A4C000A695F /* Images.xcassets */ = {isa = PBXFileReference; lastKnownFileType = folder.assetcatalog; path = Images.xcassets; sourceTree = "<group>"; };
		01DA10141B562A4C000A695F /* Base */ = {isa = PBXFileReference; lastKnownFileType = file.xib; name = Base; path = Base.lproj/LaunchScreen.xib; sourceTree = "<group>"; };
		01DA101A1B562A4C000A695F /* Kfz-KennzeichenTests.xctest */ = {isa = PBXFileReference; explicitFileType = wrapper.cfbundle; includeInIndex = 0; path = "Kfz-KennzeichenTests.xctest"; sourceTree = BUILT_PRODUCTS_DIR; };
		01DA101F1B562A4C000A695F /* Info.plist */ = {isa = PBXFileReference; lastKnownFileType = text.plist.xml; path = Info.plist; sourceTree = "<group>"; };
		01DA10201B562A4C000A695F /* Kfz_KennzeichenTests.m */ = {isa = PBXFileReference; lastKnownFileType = sourcecode.c.objc; path = Kfz_KennzeichenTests.m; sourceTree = "<group>"; };
		01DA102A1B564F8D000A695F /* DetailViewController.h */ = {isa = PBXFileReference; fileEncoding = 4; lastKnownFileType = sourcecode.c.h; path = DetailViewController.h; sourceTree = "<group>"; };
		01DA102B1B564F8D000A695F /* DetailViewController.m */ = {isa = PBXFileReference; fileEncoding = 4; lastKnownFileType = sourcecode.c.objc; path = DetailViewController.m; sourceTree = "<group>"; };
/* End PBXFileReference section */

/* Begin PBXFrameworksBuildPhase section */
		01DA0FFE1B562A4C000A695F /* Frameworks */ = {
			isa = PBXFrameworksBuildPhase;
			buildActionMask = 2147483647;
			files = (
			);
			runOnlyForDeploymentPostprocessing = 0;
		};
		01DA10171B562A4C000A695F /* Frameworks */ = {
			isa = PBXFrameworksBuildPhase;
			buildActionMask = 2147483647;
			files = (
			);
			runOnlyForDeploymentPostprocessing = 0;
		};
/* End PBXFrameworksBuildPhase section */

/* Begin PBXGroup section */
		01DA0FF81B562A4C000A695F = {
			isa = PBXGroup;
			children = (
				01DA10031B562A4C000A695F /* Kfz-Kennzeichen */,
				01DA101D1B562A4C000A695F /* Kfz-KennzeichenTests */,
				01DA10021B562A4C000A695F /* Products */,
			);
			sourceTree = "<group>";
		};
		01DA10021B562A4C000A695F /* Products */ = {
			isa = PBXGroup;
			children = (
				01DA10011B562A4C000A695F /* Kfz-Kennzeichen.app */,
				01DA101A1B562A4C000A695F /* Kfz-KennzeichenTests.xctest */,
			);
			name = Products;
			sourceTree = "<group>";
		};
		01DA10031B562A4C000A695F /* Kfz-Kennzeichen */ = {
			isa = PBXGroup;
			children = (
				01DA10081B562A4C000A695F /* AppDelegate.h */,
				01DA10091B562A4C000A695F /* AppDelegate.m */,
				01DA100B1B562A4C000A695F /* OverviewViewController.h */,
				01DA100C1B562A4C000A695F /* OverviewViewController.m */,
				01DA100E1B562A4C000A695F /* Main.storyboard */,
				01DA10111B562A4C000A695F /* Images.xcassets */,
				01DA10131B562A4C000A695F /* LaunchScreen.xib */,
				01DA10041B562A4C000A695F /* Supporting Files */,
				01DA102A1B564F8D000A695F /* DetailViewController.h */,
				01DA102B1B564F8D000A695F /* DetailViewController.m */,
			);
			path = "Kfz-Kennzeichen";
			sourceTree = "<group>";
		};
		01DA10041B562A4C000A695F /* Supporting Files */ = {
			isa = PBXGroup;
			children = (
				01DA10051B562A4C000A695F /* Info.plist */,
				01DA10061B562A4C000A695F /* main.m */,
			);
			name = "Supporting Files";
			sourceTree = "<group>";
		};
		01DA101D1B562A4C000A695F /* Kfz-KennzeichenTests */ = {
			isa = PBXGroup;
			children = (
				01DA10201B562A4C000A695F /* Kfz_KennzeichenTests.m */,
				01DA101E1B562A4C000A695F /* Supporting Files */,
			);
			path = "Kfz-KennzeichenTests";
			sourceTree = "<group>";
		};
		01DA101E1B562A4C000A695F /* Supporting Files */ = {
			isa = PBXGroup;
			children = (
				01DA101F1B562A4C000A695F /* Info.plist */,
			);
			name = "Supporting Files";
			sourceTree = "<group>";
		};
/* End PBXGroup section */

/* Begin PBXNativeTarget section */
		01DA10001B562A4C000A695F /* Kfz-Kennzeichen */ = {
			isa = PBXNativeTarget;
			buildConfigurationList = 01DA10241B562A4C000A695F /* Build configuration list for PBXNativeTarget "Kfz-Kennzeichen" */;
			buildPhases = (
				01DA0FFD1B562A4C000A695F /* Sources */,
				01DA0FFE1B562A4C000A695F /* Frameworks */,
				01DA0FFF1B562A4C000A695F /* Resources */,
			);
			buildRules = (
			);
			dependencies = (
			);
			name = "Kfz-Kennzeichen";
			productName = "Kfz-Kennzeichen";
			productReference = 01DA10011B562A4C000A695F /* Kfz-Kennzeichen.app */;
			productType = "com.apple.product-type.application";
		};
		01DA10191B562A4C000A695F /* Kfz-KennzeichenTests */ = {
			isa = PBXNativeTarget;
			buildConfigurationList = 01DA10271B562A4C000A695F /* Build configuration list for PBXNativeTarget "Kfz-KennzeichenTests" */;
			buildPhases = (
				01DA10161B562A4C000A695F /* Sources */,
				01DA10171B562A4C000A695F /* Frameworks */,
				01DA10181B562A4C000A695F /* Resources */,
			);
			buildRules = (
			);
			dependencies = (
				01DA101C1B562A4C000A695F /* PBXTargetDependency */,
			);
			name = "Kfz-KennzeichenTests";
			productName = "Kfz-KennzeichenTests";
			productReference = 01DA101A1B562A4C000A695F /* Kfz-KennzeichenTests.xctest */;
			productType = "com.apple.product-type.bundle.unit-test";
		};
/* End PBXNativeTarget section */

/* Begin PBXProject section */
		01DA0FF91B562A4C000A695F /* Project object */ = {
			isa = PBXProject;
			attributes = {
				LastUpgradeCheck = 0620;
				ORGANIZATIONNAME = "Gisbert Amm";
				TargetAttributes = {
					01DA10001B562A4C000A695F = {
						CreatedOnToolsVersion = 6.2;
					};
					01DA10191B562A4C000A695F = {
						CreatedOnToolsVersion = 6.2;
						TestTargetID = 01DA10001B562A4C000A695F;
					};
				};
			};
			buildConfigurationList = 01DA0FFC1B562A4C000A695F /* Build configuration list for PBXProject "Kfz-Kennzeichen" */;
			compatibilityVersion = "Xcode 3.2";
			developmentRegion = English;
			hasScannedForEncodings = 0;
			knownRegions = (
				en,
				Base,
			);
			mainGroup = 01DA0FF81B562A4C000A695F;
			productRefGroup = 01DA10021B562A4C000A695F /* Products */;
			projectDirPath = "";
			projectRoot = "";
			targets = (
				01DA10001B562A4C000A695F /* Kfz-Kennzeichen */,
				01DA10191B562A4C000A695F /* Kfz-KennzeichenTests */,
			);
		};
/* End PBXProject section */

/* Begin PBXResourcesBuildPhase section */
		01DA0FFF1B562A4C000A695F /* Resources */ = {
			isa = PBXResourcesBuildPhase;
			buildActionMask = 2147483647;
			files = (
				01DA10101B562A4C000A695F /* Main.storyboard in Resources */,
				01DA10151B562A4C000A695F /* LaunchScreen.xib in Resources */,
				01DA10121B562A4C000A695F /* Images.xcassets in Resources */,
			);
			runOnlyForDeploymentPostprocessing = 0;
		};
		01DA10181B562A4C000A695F /* Resources */ = {
			isa = PBXResourcesBuildPhase;
			buildActionMask = 2147483647;
			files = (
			);
			runOnlyForDeploymentPostprocessing = 0;
		};
/* End PBXResourcesBuildPhase section */

/* Begin PBXSourcesBuildPhase section */
		01DA0FFD1B562A4C000A695F /* Sources */ = {
			isa = PBXSourcesBuildPhase;
			buildActionMask = 2147483647;
			files = (
				01DA100D1B562A4C000A695F /* OverviewViewController.m in Sources */,
				01DA100A1B562A4C000A695F /* AppDelegate.m in Sources */,
				01DA10071B562A4C000A695F /* main.m in Sources */,
				01DA102C1B564F8D000A695F /* DetailViewController.m in Sources */,
			);
			runOnlyForDeploymentPostprocessing = 0;
		};
		01DA10161B562A4C000A695F /* Sources */ = {
			isa = PBXSourcesBuildPhase;
			buildActionMask = 2147483647;
			files = (
				01DA10211B562A4C000A695F /* Kfz_KennzeichenTests.m in Sources */,
			);
			runOnlyForDeploymentPostprocessing = 0;
		};
/* End PBXSourcesBuildPhase section */

/* Begin PBXTargetDependency section */
		01DA101C1B562A4C000A695F /* PBXTargetDependency */ = {
			isa = PBXTargetDependency;
			target = 01DA10001B562A4C000A695F /* Kfz-Kennzeichen */;
			targetProxy = 01DA101B1B562A4C000A695F /* PBXContainerItemProxy */;
		};
/* End PBXTargetDependency section */

/* Begin PBXVariantGroup section */
		01DA100E1B562A4C000A695F /* Main.storyboard */ = {
			isa = PBXVariantGroup;
			children = (
				01DA100F1B562A4C000A695F /* Base */,
			);
			name = Main.storyboard;
			sourceTree = "<group>";
		};
		01DA10131B562A4C000A695F /* LaunchScreen.xib */ = {
			isa = PBXVariantGroup;
			children = (
				01DA10141B562A4C000A695F /* Base */,
			);
			name = LaunchScreen.xib;
			sourceTree = "<group>";
		};
/* End PBXVariantGroup section */

/* Begin XCBuildConfiguration section */
		01DA10221B562A4C000A695F /* Debug */ = {
			isa = XCBuildConfiguration;
			buildSettings = {
				ALWAYS_SEARCH_USER_PATHS = NO;
				CLANG_CXX_LANGUAGE_STANDARD = "gnu++0x";
				CLANG_CXX_LIBRARY = "libc++";
				CLANG_ENABLE_MODULES = YES;
				CLANG_ENABLE_OBJC_ARC = YES;
				CLANG_WARN_BOOL_CONVERSION = YES;
				CLANG_WARN_CONSTANT_CONVERSION = YES;
				CLANG_WARN_DIRECT_OBJC_ISA_USAGE = YES_ERROR;
				CLANG_WARN_EMPTY_BODY = YES;
				CLANG_WARN_ENUM_CONVERSION = YES;
				CLANG_WARN_INT_CONVERSION = YES;
				CLANG_WARN_OBJC_ROOT_CLASS = YES_ERROR;
				CLANG_WARN_UNREACHABLE_CODE = YES;
				CLANG_WARN__DUPLICATE_METHOD_MATCH = YES;
				"CODE_SIGN_IDENTITY[sdk=iphoneos*]" = "iPhone Developer";
				COPY_PHASE_STRIP = NO;
				ENABLE_STRICT_OBJC_MSGSEND = YES;
				GCC_C_LANGUAGE_STANDARD = gnu99;
				GCC_DYNAMIC_NO_PIC = NO;
				GCC_OPTIMIZATION_LEVEL = 0;
				GCC_PREPROCESSOR_DEFINITIONS = (
					"DEBUG=1",
					"$(inherited)",
				);
				GCC_SYMBOLS_PRIVATE_EXTERN = NO;
				GCC_WARN_64_TO_32_BIT_CONVERSION = YES;
				GCC_WARN_ABOUT_RETURN_TYPE = YES_ERROR;
				GCC_WARN_UNDECLARED_SELECTOR = YES;
				GCC_WARN_UNINITIALIZED_AUTOS = YES_AGGRESSIVE;
				GCC_WARN_UNUSED_FUNCTION = YES;
				GCC_WARN_UNUSED_VARIABLE = YES;
				IPHONEOS_DEPLOYMENT_TARGET = 8.2;
				MTL_ENABLE_DEBUG_INFO = YES;
				ONLY_ACTIVE_ARCH = YES;
				SDKROOT = iphoneos;
			};
			name = Debug;
		};
		01DA10231B562A4C000A695F /* Release */ = {
			isa = XCBuildConfiguration;
			buildSettings = {
				ALWAYS_SEARCH_USER_PATHS = NO;
				CLANG_CXX_LANGUAGE_STANDARD = "gnu++0x";
				CLANG_CXX_LIBRARY = "libc++";
				CLANG_ENABLE_MODULES = YES;
				CLANG_ENABLE_OBJC_ARC = YES;
				CLANG_WARN_BOOL_CONVERSION = YES;
				CLANG_WARN_CONSTANT_CONVERSION = YES;
				CLANG_WARN_DIRECT_OBJC_ISA_USAGE = YES_ERROR;
				CLANG_WARN_EMPTY_BODY = YES;
				CLANG_WARN_ENUM_CONVERSION = YES;
				CLANG_WARN_INT_CONVERSION = YES;
				CLANG_WARN_OBJC_ROOT_CLASS = YES_ERROR;
				CLANG_WARN_UNREACHABLE_CODE = YES;
				CLANG_WARN__DUPLICATE_METHOD_MATCH = YES;
				"CODE_SIGN_IDENTITY[sdk=iphoneos*]" = "iPhone Developer";
				COPY_PHASE_STRIP = NO;
				ENABLE_NS_ASSERTIONS = NO;
				ENABLE_STRICT_OBJC_MSGSEND = YES;
				GCC_C_LANGUAGE_STANDARD = gnu99;
				GCC_WARN_64_TO_32_BIT_CONVERSION = YES;
				GCC_WARN_ABOUT_RETURN_TYPE = YES_ERROR;
				GCC_WARN_UNDECLARED_SELECTOR = YES;
				GCC_WARN_UNINITIALIZED_AUTOS = YES_AGGRESSIVE;
				GCC_WARN_UNUSED_FUNCTION = YES;
				GCC_WARN_UNUSED_VARIABLE = YES;
				IPHONEOS_DEPLOYMENT_TARGET = 8.2;
				MTL_ENABLE_DEBUG_INFO = NO;
				SDKROOT = iphoneos;
				VALIDATE_PRODUCT = YES;
			};
			name = Release;
		};
		01DA10251B562A4C000A695F /* Debug */ = {
			isa = XCBuildConfiguration;
			buildSettings = {
				ASSETCATALOG_COMPILER_APPICON_NAME = AppIcon;
				INFOPLIST_FILE = "Kfz-Kennzeichen/Info.plist";
				LD_RUNPATH_SEARCH_PATHS = "$(inherited) @executable_path/Frameworks";
				PRODUCT_NAME = "$(TARGET_NAME)";
			};
			name = Debug;
		};
		01DA10261B562A4C000A695F /* Release */ = {
			isa = XCBuildConfiguration;
			buildSettings = {
				ASSETCATALOG_COMPILER_APPICON_NAME = AppIcon;
				INFOPLIST_FILE = "Kfz-Kennzeichen/Info.plist";
				LD_RUNPATH_SEARCH_PATHS = "$(inherited) @executable_path/Frameworks";
				PRODUCT_NAME = "$(TARGET_NAME)";
			};
			name = Release;
		};
		01DA10281B562A4C000A695F /* Debug */ = {
			isa = XCBuildConfiguration;
			buildSettings = {
				BUNDLE_LOADER = "$(TEST_HOST)";
				FRAMEWORK_SEARCH_PATHS = (
					"$(SDKROOT)/Developer/Library/Frameworks",
					"$(inherited)",
				);
				GCC_PREPROCESSOR_DEFINITIONS = (
					"DEBUG=1",
					"$(inherited)",
				);
				INFOPLIST_FILE = "Kfz-KennzeichenTests/Info.plist";
				LD_RUNPATH_SEARCH_PATHS = "$(inherited) @executable_path/Frameworks @loader_path/Frameworks";
				PRODUCT_NAME = "$(TARGET_NAME)";
				TEST_HOST = "$(BUILT_PRODUCTS_DIR)/Kfz-Kennzeichen.app/Kfz-Kennzeichen";
			};
			name = Debug;
		};
		01DA10291B562A4C000A695F /* Release */ = {
			isa = XCBuildConfiguration;
			buildSettings = {
				BUNDLE_LOADER = "$(TEST_HOST)";
				FRAMEWORK_SEARCH_PATHS = (
					"$(SDKROOT)/Developer/Library/Frameworks",
					"$(inherited)",
				);
				INFOPLIST_FILE = "Kfz-KennzeichenTests/Info.plist";
				LD_RUNPATH_SEARCH_PATHS = "$(inherited) @executable_path/Frameworks @loader_path/Frameworks";
				PRODUCT_NAME = "$(TARGET_NAME)";
				TEST_HOST = "$(BUILT_PRODUCTS_DIR)/Kfz-Kennzeichen.app/Kfz-Kennzeichen";
			};
			name = Release;
		};
/* End XCBuildConfiguration section */

/* Begin XCConfigurationList section */
		01DA0FFC1B562A4C000A695F /* Build configuration list for PBXProject "Kfz-Kennzeichen" */ = {
			isa = XCConfigurationList;
			buildConfigurations = (
				01DA10221B562A4C000A695F /* Debug */,
				01DA10231B562A4C000A695F /* Release */,
			);
			defaultConfigurationIsVisible = 0;
			defaultConfigurationName = Release;
		};
		01DA10241B562A4C000A695F /* Build configuration list for PBXNativeTarget "Kfz-Kennzeichen" */ = {
			isa = XCConfigurationList;
			buildConfigurations = (
				01DA10251B562A4C000A695F /* Debug */,
				01DA10261B562A4C000A695F /* Release */,
			);
			defaultConfigurationIsVisible = 0;
		};
		01DA10271B562A4C000A695F /* Build configuration list for PBXNativeTarget "Kfz-KennzeichenTests" */ = {
			isa = XCConfigurationList;
			buildConfigurations = (
				01DA10281B562A4C000A695F /* Debug */,
				01DA10291B562A4C000A695F /* Release */,
			);
			defaultConfigurationIsVisible = 0;
		};
/* End XCConfigurationList section */
	};
	rootObject = 01DA0FF91B562A4C000A695F /* Project object */;
}
